
Microsoft Visual Studio Solution File, Format Version 12.00
# Visual Studio Version 17
VisualStudioVersion = 17.7.34009.444
MinimumVisualStudioVersion = 10.0.40219.1
Project("{FAE04EC0-301F-11D3-BF4B-00C04F79EFBC}") = "Biblioteca", "Biblioteca.csproj", "{BD9002EE-3CD8-4C9F-AE8B-CE976CC682B8}"
EndProject
Global
	GlobalSection(SolutionConfigurationPlatforms) = preSolution
		Debug|Any CPU = Debug|Any CPU
		Release|Any CPU = Release|Any CPU
	EndGlobalSection
	GlobalSection(ProjectConfigurationPlatforms) = postSolution
		{BD9002EE-3CD8-4C9F-AE8B-CE976CC682B8}.Debug|Any CPU.ActiveCfg = Debug|Any CPU
		{BD9002EE-3CD8-4C9F-AE8B-CE976CC682B8}.Debug|Any CPU.Build.0 = Debug|Any CPU
		{BD9002EE-3CD8-4C9F-AE8B-CE976CC682B8}.Release|Any CPU.ActiveCfg = Release|Any CPU
		{BD9002EE-3CD8-4C9F-AE8B-CE976CC682B8}.Release|Any CPU.Build.0 = Release|Any CPU
	EndGlobalSection
	GlobalSection(SolutionProperties) = preSolution
		HideSolutionNode = FALSE
	EndGlobalSection
	GlobalSection(ExtensibilityGlobals) = postSolution
		SolutionGuid = {8A7187DA-A380-4E23-9ECA-9D44E481962E}
	EndGlobalSection
EndGlobal
